Microsoft Visual Studio Solution File, Format Version 12.00
# Visual Studio Version 17
VisualStudioVersion = 17.5.2.0
MinimumVisualStudioVersion = 10.0.40219.1
Project("{2150E333-8FDC-42A3-9474-1A3956D46DE8}") = "test", "test", "{0C88DD14-F956-CE84-757C-A364CCF449FC}"
EndProject
Project("{FAE04EC0-301F-11D3-BF4B-00C04F79EFBC}") = "Testing", "test\Testing\Testing.csproj", "{19EC3186-FC65-71F9-F51F-179807D25D63}"
EndProject
Global
	GlobalSection(SolutionConfigurationPlatforms) = preSolution
		Debug|Any CPU = Debug|Any CPU
		Release|Any CPU = Release|Any CPU
	EndGlobalSection
	GlobalSection(ProjectConfigurationPlatforms) = postSolution
		{19EC3186-FC65-71F9-F51F-179807D25D63}.Debug|Any CPU.ActiveCfg = Debug|Any CPU
		{19EC3186-FC65-71F9-F51F-179807D25D63}.Debug|Any CPU.Build.0 = Debug|Any CPU
		{19EC3186-FC65-71F9-F51F-179807D25D63}.Release|Any CPU.ActiveCfg = Release|Any CPU
		{19EC3186-FC65-71F9-F51F-179807D25D63}.Release|Any CPU.Build.0 = Release|Any CPU
	EndGlobalSection
	GlobalSection(SolutionProperties) = preSolution
		HideSolutionNode = FALSE
	EndGlobalSection
	GlobalSection(NestedProjects) = preSolution
		{19EC3186-FC65-71F9-F51F-179807D25D63} = {0C88DD14-F956-CE84-757C-A364CCF449FC}
	EndGlobalSection
	GlobalSection(ExtensibilityGlobals) = postSolution
		SolutionGuid = {DA06AB29-8922-4ABD-9C9C-95B319CD6A02}
	EndGlobalSection
EndGlobal
